
Microsoft Visual Studio Solution File, Format Version 11.00
# Visual Studio 2010
Project("{FAE04EC0-301F-11D3-BF4B-00C04F79EFBC}") = "First Game", "First Game\First Game.csproj", "{79A6BF91-9CC5-4878-BDBD-6DC4E569E3CA}"
EndProject
Project("{FAE04EC0-301F-11D3-BF4B-00C04F79EFBC}") = "First GameContent", "First Game\Content\First GameContent.contentproj", "{0992DAAF-CA0D-4D06-9391-DA9DA2D4300B}"
EndProject
Project("{FAE04EC0-301F-11D3-BF4B-00C04F79EFBC}") = "TestProject1", "TestProject1\TestProject1.csproj", "{24467944-403C-49D7-B7CB-D6CFCC3AA515}"
EndProject
Project("{2150E333-8FDC-42A3-9474-1A3956D46DE8}") = "Solution Items", "Solution Items", "{4DBD5011-B3ED-49ED-9768-B4A9B26E3C1A}"
	ProjectSection(SolutionItems) = preProject
		First Game.vsmdi = First Game.vsmdi
		Local.testsettings = Local.testsettings
		TraceAndTestImpact.testsettings = TraceAndTestImpact.testsettings
	EndProjectSection
EndProject
Global
	GlobalSection(TestCaseManagementSettings) = postSolution
		CategoryFile = First Game.vsmdi
	EndGlobalSection
	GlobalSection(SolutionConfigurationPlatforms) = preSolution
		Debug|Any CPU = Debug|Any CPU
		Debug|Mixed Platforms = Debug|Mixed Platforms
		Debug|x86 = Debug|x86
		Release|Any CPU = Release|Any CPU
		Release|Mixed Platforms = Release|Mixed Platforms
		Release|x86 = Release|x86
	EndGlobalSection
	GlobalSection(ProjectConfigurationPlatforms) = postSolution
		{79A6BF91-9CC5-4878-BDBD-6DC4E569E3CA}.Debug|Any CPU.ActiveCfg = Debug|x86
		{79A6BF91-9CC5-4878-BDBD-6DC4E569E3CA}.Debug|Mixed Platforms.ActiveCfg = Debug|x86
		{79A6BF91-9CC5-4878-BDBD-6DC4E569E3CA}.Debug|Mixed Platforms.Build.0 = Debug|x86
		{79A6BF91-9CC5-4878-BDBD-6DC4E569E3CA}.Debug|x86.ActiveCfg = Debug|x86
		{79A6BF91-9CC5-4878-BDBD-6DC4E569E3CA}.Debug|x86.Build.0 = Debug|x86
		{79A6BF91-9CC5-4878-BDBD-6DC4E569E3CA}.Release|Any CPU.ActiveCfg = Release|x86
		{79A6BF91-9CC5-4878-BDBD-6DC4E569E3CA}.Release|Mixed Platforms.ActiveCfg = Release|x86
		{79A6BF91-9CC5-4878-BDBD-6DC4E569E3CA}.Release|Mixed Platforms.Build.0 = Release|x86
		{79A6BF91-9CC5-4878-BDBD-6DC4E569E3CA}.Release|x86.ActiveCfg = Release|x86
		{79A6BF91-9CC5-4878-BDBD-6DC4E569E3CA}.Release|x86.Build.0 = Release|x86
		{0992DAAF-CA0D-4D06-9391-DA9DA2D4300B}.Debug|Any CPU.ActiveCfg = Debug|x86
		{0992DAAF-CA0D-4D06-9391-DA9DA2D4300B}.Debug|Mixed Platforms.ActiveCfg = Debug|x86
		{0992DAAF-CA0D-4D06-9391-DA9DA2D4300B}.Debug|x86.ActiveCfg = Debug|x86
		{0992DAAF-CA0D-4D06-9391-DA9DA2D4300B}.Release|Any CPU.ActiveCfg = Release|x86
		{0992DAAF-CA0D-4D06-9391-DA9DA2D4300B}.Release|Mixed Platforms.ActiveCfg = Release|x86
		{0992DAAF-CA0D-4D06-9391-DA9DA2D4300B}.Release|x86.ActiveCfg = Release|x86
		{24467944-403C-49D7-B7CB-D6CFCC3AA515}.Debug|Any CPU.ActiveCfg = Debug|Any CPU
		{24467944-403C-49D7-B7CB-D6CFCC3AA515}.Debug|Any CPU.Build.0 = Debug|Any CPU
		{24467944-403C-49D7-B7CB-D6CFCC3AA515}.Debug|Mixed Platforms.ActiveCfg = Debug|Any CPU
		{24467944-403C-49D7-B7CB-D6CFCC3AA515}.Debug|Mixed Platforms.Build.0 = Debug|Any CPU
		{24467944-403C-49D7-B7CB-D6CFCC3AA515}.Debug|x86.ActiveCfg = Debug|Any CPU
		{24467944-403C-49D7-B7CB-D6CFCC3AA515}.Release|Any CPU.ActiveCfg = Release|Any CPU
		{24467944-403C-49D7-B7CB-D6CFCC3AA515}.Release|Any CPU.Build.0 = Release|Any CPU
		{24467944-403C-49D7-B7CB-D6CFCC3AA515}.Release|Mixed Platforms.ActiveCfg = Release|Any CPU
		{24467944-403C-49D7-B7CB-D6CFCC3AA515}.Release|Mixed Platforms.Build.0 = Release|Any CPU
		{24467944-403C-49D7-B7CB-D6CFCC3AA515}.Release|x86.ActiveCfg = Release|Any CPU
	EndGlobalSection
	GlobalSection(SolutionProperties) = preSolution
		HideSolutionNode = FALSE
	EndGlobalSection
EndGlobal
